
Microsoft Visual Studio Solution File, Format Version 12.00
# Visual Studio 15
VisualStudioVersion = 15.0.27703.2042
MinimumVisualStudioVersion = 10.0.40219.1
Project("{FAE04EC0-301F-11D3-BF4B-00C04F79EFBC}") = "Chapter_1", "Chapter_1\Chapter_1.csproj", "{7CF09236-63A4-4DCD-9F02-DB6C9FBB2A8A}"
EndProject
Project("{FAE04EC0-301F-11D3-BF4B-00C04F79EFBC}") = "Chapter_1_2", "Chapter_1_2\Chapter_1_2.csproj", "{93FECEA1-06BE-46E8-971D-DAC2C6D6C354}"
EndProject
Global
	GlobalSection(SolutionConfigurationPlatforms) = preSolution
		Debug|Any CPU = Debug|Any CPU
		Release|Any CPU = Release|Any CPU
	EndGlobalSection
	GlobalSection(ProjectConfigurationPlatforms) = postSolution
		{7CF09236-63A4-4DCD-9F02-DB6C9FBB2A8A}.Debug|Any CPU.ActiveCfg = Debug|Any CPU
		{7CF09236-63A4-4DCD-9F02-DB6C9FBB2A8A}.Debug|Any CPU.Build.0 = Debug|Any CPU
		{7CF09236-63A4-4DCD-9F02-DB6C9FBB2A8A}.Release|Any CPU.ActiveCfg = Release|Any CPU
		{7CF09236-63A4-4DCD-9F02-DB6C9FBB2A8A}.Release|Any CPU.Build.0 = Release|Any CPU
		{93FECEA1-06BE-46E8-971D-DAC2C6D6C354}.Debug|Any CPU.ActiveCfg = Debug|Any CPU
		{93FECEA1-06BE-46E8-971D-DAC2C6D6C354}.Debug|Any CPU.Build.0 = Debug|Any CPU
		{93FECEA1-06BE-46E8-971D-DAC2C6D6C354}.Release|Any CPU.ActiveCfg = Release|Any CPU
		{93FECEA1-06BE-46E8-971D-DAC2C6D6C354}.Release|Any CPU.Build.0 = Release|Any CPU
	EndGlobalSection
	GlobalSection(SolutionProperties) = preSolution
		HideSolutionNode = FALSE
	EndGlobalSection
	GlobalSection(ExtensibilityGlobals) = postSolution
		SolutionGuid = {17D209AA-C9ED-4757-97EE-F01712D1797B}
	EndGlobalSection
EndGlobal
